# This file was autogenerated by Stack.
# You should not edit this file by hand.
# For more information, please see the documentation at:
#   https://docs.haskellstack.org/en/stable/lock_files

snapshots:
- original: lts-15.3
  completed:
    sha256: 29e9ff61b8bf4b4fcff55cde3ac106ebb971f0d21331dccac9eee63374fa6ca8
    url: https://raw.githubusercontent.com/commercialhaskell/stackage-snapshots/master/lts/15/3.yaml
    size: 491373
packages:
- original:
    git: https://github.com/10Pines/pdepreludat.git
    commit: 588fdec969f6d1eed180c16678f18977bf78ef84
  completed:
    pantry-tree:
      sha256: 7402465a74f8d007bae91d1ed17e2ae79838a3425373b0b850f40209e92d031e
      size: 2541
    version: 0.2.0.0
    git: https://github.com/10Pines/pdepreludat.git
    name: pdeprelude
    commit: 588fdec969f6d1eed180c16678f18977bf78ef84
